
Microsoft Visual Studio Solution File, Format Version 12.00
# Visual Studio Version 18
VisualStudioVersion = 18.0.11018.127
MinimumVisualStudioVersion = 10.0.40219.1
Project("{2150E333-8FDC-42A3-9474-1A3956D46DE8}") = "Solution Items", "Solution Items", "{EB552C4A-65E7-41B4-9957-FE32EA23ABFF}"
	ProjectSection(SolutionItems) = preProject
		docs\DEPLOYMENT.md = docs\DEPLOYMENT.md
	EndProjectSection
EndProject
Project("{FAE04EC0-301F-11D3-BF4B-00C04F79EFBC}") = "NimbusLedger.Core", "NimbusLedger.Core\NimbusLedger.Core.csproj", "{C8D69755-8920-78F0-9F08-DF58F91D0907}"
EndProject
Project("{FAE04EC0-301F-11D3-BF4B-00C04F79EFBC}") = "NimbusLedger.Infrastructure", "NimbusLedger.Infrastructure\NimbusLedger.Infrastructure.csproj", "{41A95DA1-1642-A726-7827-E6D7A16595A4}"
EndProject
Project("{FAE04EC0-301F-11D3-BF4B-00C04F79EFBC}") = "NimbusLedger.Sccm", "NimbusLedger.Sccm\NimbusLedger.Sccm.csproj", "{1E4121D4-90DF-878C-149C-8F8E385259CD}"
EndProject
Project("{FAE04EC0-301F-11D3-BF4B-00C04F79EFBC}") = "NimbusLedger.Web", "NimbusLedger.Web\NimbusLedger.Web.csproj", "{D5B244F5-AF07-1891-3629-E0CA7A4C3380}"
EndProject
Project("{FAE04EC0-301F-11D3-BF4B-00C04F79EFBC}") = "NimbusLedger.Worker", "NimbusLedger.Worker\NimbusLedger.Worker.csproj", "{7408ADD7-8C76-C232-4790-0921D8440DC0}"
EndProject
Global
	GlobalSection(SolutionConfigurationPlatforms) = preSolution
		Debug|Any CPU = Debug|Any CPU
		Release|Any CPU = Release|Any CPU
	EndGlobalSection
	GlobalSection(ProjectConfigurationPlatforms) = postSolution
		{C8D69755-8920-78F0-9F08-DF58F91D0907}.Debug|Any CPU.ActiveCfg = Debug|Any CPU
		{C8D69755-8920-78F0-9F08-DF58F91D0907}.Debug|Any CPU.Build.0 = Debug|Any CPU
		{C8D69755-8920-78F0-9F08-DF58F91D0907}.Release|Any CPU.ActiveCfg = Release|Any CPU
		{C8D69755-8920-78F0-9F08-DF58F91D0907}.Release|Any CPU.Build.0 = Release|Any CPU
		{41A95DA1-1642-A726-7827-E6D7A16595A4}.Debug|Any CPU.ActiveCfg = Debug|Any CPU
		{41A95DA1-1642-A726-7827-E6D7A16595A4}.Debug|Any CPU.Build.0 = Debug|Any CPU
		{41A95DA1-1642-A726-7827-E6D7A16595A4}.Release|Any CPU.ActiveCfg = Release|Any CPU
		{41A95DA1-1642-A726-7827-E6D7A16595A4}.Release|Any CPU.Build.0 = Release|Any CPU
		{1E4121D4-90DF-878C-149C-8F8E385259CD}.Debug|Any CPU.ActiveCfg = Debug|Any CPU
		{1E4121D4-90DF-878C-149C-8F8E385259CD}.Debug|Any CPU.Build.0 = Debug|Any CPU
		{1E4121D4-90DF-878C-149C-8F8E385259CD}.Release|Any CPU.ActiveCfg = Release|Any CPU
		{1E4121D4-90DF-878C-149C-8F8E385259CD}.Release|Any CPU.Build.0 = Release|Any CPU
		{D5B244F5-AF07-1891-3629-E0CA7A4C3380}.Debug|Any CPU.ActiveCfg = Debug|Any CPU
		{D5B244F5-AF07-1891-3629-E0CA7A4C3380}.Debug|Any CPU.Build.0 = Debug|Any CPU
		{D5B244F5-AF07-1891-3629-E0CA7A4C3380}.Release|Any CPU.ActiveCfg = Release|Any CPU
		{D5B244F5-AF07-1891-3629-E0CA7A4C3380}.Release|Any CPU.Build.0 = Release|Any CPU
		{7408ADD7-8C76-C232-4790-0921D8440DC0}.Debug|Any CPU.ActiveCfg = Debug|Any CPU
		{7408ADD7-8C76-C232-4790-0921D8440DC0}.Debug|Any CPU.Build.0 = Debug|Any CPU
		{7408ADD7-8C76-C232-4790-0921D8440DC0}.Release|Any CPU.ActiveCfg = Release|Any CPU
		{7408ADD7-8C76-C232-4790-0921D8440DC0}.Release|Any CPU.Build.0 = Release|Any CPU
	EndGlobalSection
	GlobalSection(SolutionProperties) = preSolution
		HideSolutionNode = FALSE
	EndGlobalSection
	GlobalSection(ExtensibilityGlobals) = postSolution
		SolutionGuid = {AA4F1BD4-8302-49B3-AB44-E6619BA11B13}
	EndGlobalSection
EndGlobal
